
Microsoft Visual Studio Solution File, Format Version 12.00
# Visual Studio 15
VisualStudioVersion = 15.0.28307.329
MinimumVisualStudioVersion = 10.0.40219.1
Project("{8BC9CEB8-8B4A-11D0-8D11-00A0C91BC942}") = "CaesarCipher", "CaesarCipher\CaesarCipher.vcxproj", "{72E86F2E-FCEF-4E05-A03D-1E1E59A1B2EA}"
EndProject
Global
	GlobalSection(SolutionConfigurationPlatforms) = preSolution
		Debug|x64 = Debug|x64
		Debug|x86 = Debug|x86
		Release|x64 = Release|x64
		Release|x86 = Release|x86
	EndGlobalSection
	GlobalSection(ProjectConfigurationPlatforms) = postSolution
		{72E86F2E-FCEF-4E05-A03D-1E1E59A1B2EA}.Debug|x64.ActiveCfg = Debug|x64
		{72E86F2E-FCEF-4E05-A03D-1E1E59A1B2EA}.Debug|x64.Build.0 = Debug|x64
		{72E86F2E-FCEF-4E05-A03D-1E1E59A1B2EA}.Debug|x86.ActiveCfg = Debug|Win32
		{72E86F2E-FCEF-4E05-A03D-1E1E59A1B2EA}.Debug|x86.Build.0 = Debug|Win32
		{72E86F2E-FCEF-4E05-A03D-1E1E59A1B2EA}.Release|x64.ActiveCfg = Release|x64
		{72E86F2E-FCEF-4E05-A03D-1E1E59A1B2EA}.Release|x64.Build.0 = Release|x64
		{72E86F2E-FCEF-4E05-A03D-1E1E59A1B2EA}.Release|x86.ActiveCfg = Release|Win32
		{72E86F2E-FCEF-4E05-A03D-1E1E59A1B2EA}.Release|x86.Build.0 = Release|Win32
	EndGlobalSection
	GlobalSection(SolutionProperties) = preSolution
		HideSolutionNode = FALSE
	EndGlobalSection
	GlobalSection(ExtensibilityGlobals) = postSolution
		SolutionGuid = {4BF35F2A-B5AE-4031-B43A-2D0B6DC7F651}
	EndGlobalSection
EndGlobal
