
Microsoft Visual Studio Solution File, Format Version 12.00
# Visual Studio Version 16
VisualStudioVersion = 16.0.30002.166
MinimumVisualStudioVersion = 10.0.40219.1
Project("{8BC9CEB8-8B4A-11D0-8D11-00A0C91BC942}") = "Main_2070", "Main_2070\Main_2070.vcxproj", "{41A0D94F-A845-4421-8505-E21F0ABEACA6}"
EndProject
Project("{8BC9CEB8-8B4A-11D0-8D11-00A0C91BC942}") = "Main_2071", "Main_2071\Main_2071.vcxproj", "{21215739-E60D-4A11-83BE-20E504C290AF}"
EndProject
Project("{8BC9CEB8-8B4A-11D0-8D11-00A0C91BC942}") = "Main_2072", "Main_2072\Main_2072.vcxproj", "{AE220BC6-BF46-49D2-9DD1-00F79B07B95A}"
EndProject
Project("{8BC9CEB8-8B4A-11D0-8D11-00A0C91BC942}") = "Main_2068", "Main_2068\Main_2068.vcxproj", "{5BFA6138-3CB6-40C3-A889-828401B61C1D}"
EndProject
Project("{8BC9CEB8-8B4A-11D0-8D11-00A0C91BC942}") = "Main_2063", "Main_2063\Main_2063.vcxproj", "{2AD111E9-C0CE-4B20-91CE-77B6745B3D17}"
EndProject
Project("{8BC9CEB8-8B4A-11D0-8D11-00A0C91BC942}") = "Main_2058", "Main_2058\Main_2058.vcxproj", "{D484EEF6-0B00-4832-92A2-B8CAD58CDA51}"
EndProject
Global
	GlobalSection(SolutionConfigurationPlatforms) = preSolution
		Debug|x64 = Debug|x64
		Debug|x86 = Debug|x86
		Release|x64 = Release|x64
		Release|x86 = Release|x86
	EndGlobalSection
	GlobalSection(ProjectConfigurationPlatforms) = postSolution
		{41A0D94F-A845-4421-8505-E21F0ABEACA6}.Debug|x64.ActiveCfg = Debug|x64
		{41A0D94F-A845-4421-8505-E21F0ABEACA6}.Debug|x64.Build.0 = Debug|x64
		{41A0D94F-A845-4421-8505-E21F0ABEACA6}.Debug|x86.ActiveCfg = Debug|Win32
		{41A0D94F-A845-4421-8505-E21F0ABEACA6}.Debug|x86.Build.0 = Debug|Win32
		{41A0D94F-A845-4421-8505-E21F0ABEACA6}.Release|x64.ActiveCfg = Release|x64
		{41A0D94F-A845-4421-8505-E21F0ABEACA6}.Release|x64.Build.0 = Release|x64
		{41A0D94F-A845-4421-8505-E21F0ABEACA6}.Release|x86.ActiveCfg = Release|Win32
		{41A0D94F-A845-4421-8505-E21F0ABEACA6}.Release|x86.Build.0 = Release|Win32
		{21215739-E60D-4A11-83BE-20E504C290AF}.Debug|x64.ActiveCfg = Debug|x64
		{21215739-E60D-4A11-83BE-20E504C290AF}.Debug|x64.Build.0 = Debug|x64
		{21215739-E60D-4A11-83BE-20E504C290AF}.Debug|x86.ActiveCfg = Debug|Win32
		{21215739-E60D-4A11-83BE-20E504C290AF}.Debug|x86.Build.0 = Debug|Win32
		{21215739-E60D-4A11-83BE-20E504C290AF}.Release|x64.ActiveCfg = Release|x64
		{21215739-E60D-4A11-83BE-20E504C290AF}.Release|x64.Build.0 = Release|x64
		{21215739-E60D-4A11-83BE-20E504C290AF}.Release|x86.ActiveCfg = Release|Win32
		{21215739-E60D-4A11-83BE-20E504C290AF}.Release|x86.Build.0 = Release|Win32
		{AE220BC6-BF46-49D2-9DD1-00F79B07B95A}.Debug|x64.ActiveCfg = Debug|x64
		{AE220BC6-BF46-49D2-9DD1-00F79B07B95A}.Debug|x64.Build.0 = Debug|x64
		{AE220BC6-BF46-49D2-9DD1-00F79B07B95A}.Debug|x86.ActiveCfg = Debug|Win32
		{AE220BC6-BF46-49D2-9DD1-00F79B07B95A}.Debug|x86.Build.0 = Debug|Win32
		{AE220BC6-BF46-49D2-9DD1-00F79B07B95A}.Release|x64.ActiveCfg = Release|x64
		{AE220BC6-BF46-49D2-9DD1-00F79B07B95A}.Release|x64.Build.0 = Release|x64
		{AE220BC6-BF46-49D2-9DD1-00F79B07B95A}.Release|x86.ActiveCfg = Release|Win32
		{AE220BC6-BF46-49D2-9DD1-00F79B07B95A}.Release|x86.Build.0 = Release|Win32
		{5BFA6138-3CB6-40C3-A889-828401B61C1D}.Debug|x64.ActiveCfg = Debug|x64
		{5BFA6138-3CB6-40C3-A889-828401B61C1D}.Debug|x64.Build.0 = Debug|x64
		{5BFA6138-3CB6-40C3-A889-828401B61C1D}.Debug|x86.ActiveCfg = Debug|Win32
		{5BFA6138-3CB6-40C3-A889-828401B61C1D}.Debug|x86.Build.0 = Debug|Win32
		{5BFA6138-3CB6-40C3-A889-828401B61C1D}.Release|x64.ActiveCfg = Release|x64
		{5BFA6138-3CB6-40C3-A889-828401B61C1D}.Release|x64.Build.0 = Release|x64
		{5BFA6138-3CB6-40C3-A889-828401B61C1D}.Release|x86.ActiveCfg = Release|Win32
		{5BFA6138-3CB6-40C3-A889-828401B61C1D}.Release|x86.Build.0 = Release|Win32
		{2AD111E9-C0CE-4B20-91CE-77B6745B3D17}.Debug|x64.ActiveCfg = Debug|x64
		{2AD111E9-C0CE-4B20-91CE-77B6745B3D17}.Debug|x64.Build.0 = Debug|x64
		{2AD111E9-C0CE-4B20-91CE-77B6745B3D17}.Debug|x86.ActiveCfg = Debug|Win32
		{2AD111E9-C0CE-4B20-91CE-77B6745B3D17}.Debug|x86.Build.0 = Debug|Win32
		{2AD111E9-C0CE-4B20-91CE-77B6745B3D17}.Release|x64.ActiveCfg = Release|x64
		{2AD111E9-C0CE-4B20-91CE-77B6745B3D17}.Release|x64.Build.0 = Release|x64
		{2AD111E9-C0CE-4B20-91CE-77B6745B3D17}.Release|x86.ActiveCfg = Release|Win32
		{2AD111E9-C0CE-4B20-91CE-77B6745B3D17}.Release|x86.Build.0 = Release|Win32
		{D484EEF6-0B00-4832-92A2-B8CAD58CDA51}.Debug|x64.ActiveCfg = Debug|x64
		{D484EEF6-0B00-4832-92A2-B8CAD58CDA51}.Debug|x64.Build.0 = Debug|x64
		{D484EEF6-0B00-4832-92A2-B8CAD58CDA51}.Debug|x86.ActiveCfg = Debug|Win32
		{D484EEF6-0B00-4832-92A2-B8CAD58CDA51}.Debug|x86.Build.0 = Debug|Win32
		{D484EEF6-0B00-4832-92A2-B8CAD58CDA51}.Release|x64.ActiveCfg = Release|x64
		{D484EEF6-0B00-4832-92A2-B8CAD58CDA51}.Release|x64.Build.0 = Release|x64
		{D484EEF6-0B00-4832-92A2-B8CAD58CDA51}.Release|x86.ActiveCfg = Release|Win32
		{D484EEF6-0B00-4832-92A2-B8CAD58CDA51}.Release|x86.Build.0 = Release|Win32
	EndGlobalSection
	GlobalSection(SolutionProperties) = preSolution
		HideSolutionNode = FALSE
	EndGlobalSection
	GlobalSection(ExtensibilityGlobals) = postSolution
		SolutionGuid = {6F0466ED-6CAA-4E43-A2DC-EFB231380D0D}
	EndGlobalSection
EndGlobal
